
Microsoft Visual Studio Solution File, Format Version 12.00
# Visual Studio Version 17
VisualStudioVersion = 17.11.35222.181
MinimumVisualStudioVersion = 10.0.40219.1
Project("{FAE04EC0-301F-11D3-BF4B-00C04F79EFBC}") = "Serializer_tx_pro", "Serializer_pro\Serializer_tx_pro.csproj", "{71F718D2-1B1E-4AF5-9AFF-C7BD950AFE0A}"
EndProject
Global
	GlobalSection(SolutionConfigurationPlatforms) = preSolution
		Debug|Any CPU = Debug|Any CPU
		Release|Any CPU = Release|Any CPU
	EndGlobalSection
	GlobalSection(ProjectConfigurationPlatforms) = postSolution
		{71F718D2-1B1E-4AF5-9AFF-C7BD950AFE0A}.Debug|Any CPU.ActiveCfg = Debug|Any CPU
		{71F718D2-1B1E-4AF5-9AFF-C7BD950AFE0A}.Debug|Any CPU.Build.0 = Debug|Any CPU
		{71F718D2-1B1E-4AF5-9AFF-C7BD950AFE0A}.Release|Any CPU.ActiveCfg = Release|Any CPU
		{71F718D2-1B1E-4AF5-9AFF-C7BD950AFE0A}.Release|Any CPU.Build.0 = Release|Any CPU
	EndGlobalSection
	GlobalSection(SolutionProperties) = preSolution
		HideSolutionNode = FALSE
	EndGlobalSection
	GlobalSection(ExtensibilityGlobals) = postSolution
		SolutionGuid = {930EFD19-0880-4146-B92C-06601E0600B7}
	EndGlobalSection
EndGlobal
